
Microsoft Visual Studio Solution File, Format Version 12.00
# Visual Studio 2013
VisualStudioVersion = 12.0.21005.1
MinimumVisualStudioVersion = 10.0.40219.1
Project("{2150E333-8FDC-42A3-9474-1A3956D46DE8}") = "Common", "Common", "{9DD9E5A8-73A6-46F8-8538-6F3C3734719B}"
EndProject
Project("{2150E333-8FDC-42A3-9474-1A3956D46DE8}") = "Presentation", "Presentation", "{CCD041A4-C555-4F11-AEFB-6B76C489F59A}"
EndProject
Project("{2150E333-8FDC-42A3-9474-1A3956D46DE8}") = "DataAccess", "DataAccess", "{46BBCEF8-29C0-4C10-8E93-6F77A6401955}"
EndProject
Project("{2150E333-8FDC-42A3-9474-1A3956D46DE8}") = "Business", "Business", "{9E6F14E9-45D2-4CF1-87B1-E449E266280B}"
EndProject
Project("{FAE04EC0-301F-11D3-BF4B-00C04F79EFBC}") = "TPF.Common", "Common\TPF.Common\TPF.Common.csproj", "{E7F3DBD9-E0A4-45AC-B622-87A81CC2F23A}"
EndProject
Project("{FAE04EC0-301F-11D3-BF4B-00C04F79EFBC}") = "TPF.Resourses", "Common\TPF.Resourses\TPF.Resourses.csproj", "{DCFA4974-1D6F-41F1-9AE6-41D34C361835}"
EndProject
Project("{FAE04EC0-301F-11D3-BF4B-00C04F79EFBC}") = "TPF.Configurations", "Common\TPF.Configurations\TPF.Configurations.csproj", "{79DDDD94-A3C9-4067-9571-B66B443D1E76}"
EndProject
Project("{FAE04EC0-301F-11D3-BF4B-00C04F79EFBC}") = "WebOnline.Data", "DataAccess\WebOnline.Data\WebOnline.Data.csproj", "{9DF54AFD-AF0A-4B67-825B-8A531A057CDE}"
EndProject
Project("{FAE04EC0-301F-11D3-BF4B-00C04F79EFBC}") = "WebOnline.Business", "Business\WebOnline.Business\WebOnline.Business.csproj", "{499CDE13-D57E-4AE4-BBBE-9116093FC5F9}"
EndProject
Project("{FAE04EC0-301F-11D3-BF4B-00C04F79EFBC}") = "WebOnline.Web", "Presentation\WebOnline.Web\WebOnline.Web.csproj", "{76833C84-0108-475C-AE3C-634AC3193C0F}"
EndProject
Global
	GlobalSection(SolutionConfigurationPlatforms) = preSolution
		Debug|Any CPU = Debug|Any CPU
		Debug|x64 = Debug|x64
		Debug|x86 = Debug|x86
		Release|Any CPU = Release|Any CPU
		Release|x64 = Release|x64
		Release|x86 = Release|x86
	EndGlobalSection
	GlobalSection(ProjectConfigurationPlatforms) = postSolution
		{E7F3DBD9-E0A4-45AC-B622-87A81CC2F23A}.Debug|Any CPU.ActiveCfg = Debug|Any CPU
		{E7F3DBD9-E0A4-45AC-B622-87A81CC2F23A}.Debug|Any CPU.Build.0 = Debug|Any CPU
		{E7F3DBD9-E0A4-45AC-B622-87A81CC2F23A}.Debug|x64.ActiveCfg = Debug|Any CPU
		{E7F3DBD9-E0A4-45AC-B622-87A81CC2F23A}.Debug|x86.ActiveCfg = Debug|Any CPU
		{E7F3DBD9-E0A4-45AC-B622-87A81CC2F23A}.Release|Any CPU.ActiveCfg = Release|Any CPU
		{E7F3DBD9-E0A4-45AC-B622-87A81CC2F23A}.Release|Any CPU.Build.0 = Release|Any CPU
		{E7F3DBD9-E0A4-45AC-B622-87A81CC2F23A}.Release|x64.ActiveCfg = Release|Any CPU
		{E7F3DBD9-E0A4-45AC-B622-87A81CC2F23A}.Release|x86.ActiveCfg = Release|Any CPU
		{DCFA4974-1D6F-41F1-9AE6-41D34C361835}.Debug|Any CPU.ActiveCfg = Debug|Any CPU
		{DCFA4974-1D6F-41F1-9AE6-41D34C361835}.Debug|Any CPU.Build.0 = Debug|Any CPU
		{DCFA4974-1D6F-41F1-9AE6-41D34C361835}.Debug|x64.ActiveCfg = Debug|Any CPU
		{DCFA4974-1D6F-41F1-9AE6-41D34C361835}.Debug|x86.ActiveCfg = Debug|Any CPU
		{DCFA4974-1D6F-41F1-9AE6-41D34C361835}.Release|Any CPU.ActiveCfg = Release|Any CPU
		{DCFA4974-1D6F-41F1-9AE6-41D34C361835}.Release|Any CPU.Build.0 = Release|Any CPU
		{DCFA4974-1D6F-41F1-9AE6-41D34C361835}.Release|x64.ActiveCfg = Release|Any CPU
		{DCFA4974-1D6F-41F1-9AE6-41D34C361835}.Release|x86.ActiveCfg = Release|Any CPU
		{79DDDD94-A3C9-4067-9571-B66B443D1E76}.Debug|Any CPU.ActiveCfg = Debug|Any CPU
		{79DDDD94-A3C9-4067-9571-B66B443D1E76}.Debug|Any CPU.Build.0 = Debug|Any CPU
		{79DDDD94-A3C9-4067-9571-B66B443D1E76}.Debug|x64.ActiveCfg = Debug|Any CPU
		{79DDDD94-A3C9-4067-9571-B66B443D1E76}.Debug|x86.ActiveCfg = Debug|Any CPU
		{79DDDD94-A3C9-4067-9571-B66B443D1E76}.Release|Any CPU.ActiveCfg = Release|Any CPU
		{79DDDD94-A3C9-4067-9571-B66B443D1E76}.Release|Any CPU.Build.0 = Release|Any CPU
		{79DDDD94-A3C9-4067-9571-B66B443D1E76}.Release|x64.ActiveCfg = Release|Any CPU
		{79DDDD94-A3C9-4067-9571-B66B443D1E76}.Release|x86.ActiveCfg = Release|Any CPU
		{9DF54AFD-AF0A-4B67-825B-8A531A057CDE}.Debug|Any CPU.ActiveCfg = Debug|Any CPU
		{9DF54AFD-AF0A-4B67-825B-8A531A057CDE}.Debug|Any CPU.Build.0 = Debug|Any CPU
		{9DF54AFD-AF0A-4B67-825B-8A531A057CDE}.Debug|x64.ActiveCfg = Debug|Any CPU
		{9DF54AFD-AF0A-4B67-825B-8A531A057CDE}.Debug|x86.ActiveCfg = Debug|Any CPU
		{9DF54AFD-AF0A-4B67-825B-8A531A057CDE}.Release|Any CPU.ActiveCfg = Release|Any CPU
		{9DF54AFD-AF0A-4B67-825B-8A531A057CDE}.Release|Any CPU.Build.0 = Release|Any CPU
		{9DF54AFD-AF0A-4B67-825B-8A531A057CDE}.Release|x64.ActiveCfg = Release|Any CPU
		{9DF54AFD-AF0A-4B67-825B-8A531A057CDE}.Release|x86.ActiveCfg = Release|Any CPU
		{499CDE13-D57E-4AE4-BBBE-9116093FC5F9}.Debug|Any CPU.ActiveCfg = Debug|Any CPU
		{499CDE13-D57E-4AE4-BBBE-9116093FC5F9}.Debug|Any CPU.Build.0 = Debug|Any CPU
		{499CDE13-D57E-4AE4-BBBE-9116093FC5F9}.Debug|x64.ActiveCfg = Debug|Any CPU
		{499CDE13-D57E-4AE4-BBBE-9116093FC5F9}.Debug|x86.ActiveCfg = Debug|Any CPU
		{499CDE13-D57E-4AE4-BBBE-9116093FC5F9}.Release|Any CPU.ActiveCfg = Release|Any CPU
		{499CDE13-D57E-4AE4-BBBE-9116093FC5F9}.Release|Any CPU.Build.0 = Release|Any CPU
		{499CDE13-D57E-4AE4-BBBE-9116093FC5F9}.Release|x64.ActiveCfg = Release|Any CPU
		{499CDE13-D57E-4AE4-BBBE-9116093FC5F9}.Release|x86.ActiveCfg = Release|Any CPU
		{76833C84-0108-475C-AE3C-634AC3193C0F}.Debug|Any CPU.ActiveCfg = Debug|Any CPU
		{76833C84-0108-475C-AE3C-634AC3193C0F}.Debug|Any CPU.Build.0 = Debug|Any CPU
		{76833C84-0108-475C-AE3C-634AC3193C0F}.Debug|x64.ActiveCfg = Debug|Any CPU
		{76833C84-0108-475C-AE3C-634AC3193C0F}.Debug|x86.ActiveCfg = Debug|Any CPU
		{76833C84-0108-475C-AE3C-634AC3193C0F}.Release|Any CPU.ActiveCfg = Release|Any CPU
		{76833C84-0108-475C-AE3C-634AC3193C0F}.Release|Any CPU.Build.0 = Release|Any CPU
		{76833C84-0108-475C-AE3C-634AC3193C0F}.Release|x64.ActiveCfg = Release|Any CPU
		{76833C84-0108-475C-AE3C-634AC3193C0F}.Release|x86.ActiveCfg = Release|Any CPU
	EndGlobalSection
	GlobalSection(SolutionProperties) = preSolution
		HideSolutionNode = FALSE
	EndGlobalSection
	GlobalSection(NestedProjects) = preSolution
		{E7F3DBD9-E0A4-45AC-B622-87A81CC2F23A} = {9DD9E5A8-73A6-46F8-8538-6F3C3734719B}
		{DCFA4974-1D6F-41F1-9AE6-41D34C361835} = {9DD9E5A8-73A6-46F8-8538-6F3C3734719B}
		{79DDDD94-A3C9-4067-9571-B66B443D1E76} = {9DD9E5A8-73A6-46F8-8538-6F3C3734719B}
		{76833C84-0108-475C-AE3C-634AC3193C0F} = {CCD041A4-C555-4F11-AEFB-6B76C489F59A}
		{9DF54AFD-AF0A-4B67-825B-8A531A057CDE} = {46BBCEF8-29C0-4C10-8E93-6F77A6401955}
		{499CDE13-D57E-4AE4-BBBE-9116093FC5F9} = {9E6F14E9-45D2-4CF1-87B1-E449E266280B}
	EndGlobalSection
EndGlobal
