
Microsoft Visual Studio Solution File, Format Version 12.00
# Visual Studio 2013
VisualStudioVersion = 12.0.21005.1
MinimumVisualStudioVersion = 10.0.40219.1
Project("{2150E333-8FDC-42A3-9474-1A3956D46DE8}") = "Common", "Common", "{9DD9E5A8-73A6-46F8-8538-6F3C3734719B}"
EndProject
Project("{2150E333-8FDC-42A3-9474-1A3956D46DE8}") = "Tests", "Tests", "{8716CAE6-3FA8-41F7-B22A-78B1902BBBD5}"
EndProject
Project("{2150E333-8FDC-42A3-9474-1A3956D46DE8}") = "Solution Items", "Solution Items", "{D0F55B83-AA5D-47F0-A1CB-70C7091A4F97}"
EndProject
Project("{2150E333-8FDC-42A3-9474-1A3956D46DE8}") = "Presentation", "Presentation", "{CCD041A4-C555-4F11-AEFB-6B76C489F59A}"
EndProject
Project("{2150E333-8FDC-42A3-9474-1A3956D46DE8}") = "Services", "Services", "{FA372325-56F6-4291-AD48-2A3555F43963}"
EndProject
Project("{2150E333-8FDC-42A3-9474-1A3956D46DE8}") = "DataAccess", "DataAccess", "{46BBCEF8-29C0-4C10-8E93-6F77A6401955}"
EndProject
Project("{2150E333-8FDC-42A3-9474-1A3956D46DE8}") = "Business", "Business", "{9E6F14E9-45D2-4CF1-87B1-E449E266280B}"
EndProject
Project("{FAE04EC0-301F-11D3-BF4B-00C04F79EFBC}") = "TPF.Common", "Common\TPF.Common\TPF.Common.csproj", "{E7F3DBD9-E0A4-45AC-B622-87A81CC2F23A}"
EndProject
Project("{FAE04EC0-301F-11D3-BF4B-00C04F79EFBC}") = "StudioJob.Tests", "Tests\StudioJob.Tests\StudioJob.Tests.csproj", "{30417DA9-B0CD-4C11-B1C1-CF5E31D40D04}"
	ProjectSection(ProjectDependencies) = postProject
		{E7F3DBD9-E0A4-45AC-B622-87A81CC2F23A} = {E7F3DBD9-E0A4-45AC-B622-87A81CC2F23A}
		{6F4F6AF8-591E-47FD-AD4B-5DE650161880} = {6F4F6AF8-591E-47FD-AD4B-5DE650161880}
	EndProjectSection
EndProject
Project("{FAE04EC0-301F-11D3-BF4B-00C04F79EFBC}") = "StudioJob.WCF", "Services\StudioJob.WCF\StudioJob.WCF.csproj", "{6F4F6AF8-591E-47FD-AD4B-5DE650161880}"
	ProjectSection(ProjectDependencies) = postProject
		{E7F3DBD9-E0A4-45AC-B622-87A81CC2F23A} = {E7F3DBD9-E0A4-45AC-B622-87A81CC2F23A}
	EndProjectSection
EndProject
Project("{FAE04EC0-301F-11D3-BF4B-00C04F79EFBC}") = "StudioJob.WebAPI", "Services\StudioJob.WebAPI\StudioJob.WebAPI.csproj", "{688E8716-4B12-4437-B0B0-0AC886909A2D}"
	ProjectSection(ProjectDependencies) = postProject
		{E7F3DBD9-E0A4-45AC-B622-87A81CC2F23A} = {E7F3DBD9-E0A4-45AC-B622-87A81CC2F23A}
	EndProjectSection
EndProject
Project("{FAE04EC0-301F-11D3-BF4B-00C04F79EFBC}") = "TPF.Resourses", "Common\TPF.Resourses\TPF.Resourses.csproj", "{DCFA4974-1D6F-41F1-9AE6-41D34C361835}"
EndProject
Project("{FAE04EC0-301F-11D3-BF4B-00C04F79EFBC}") = "TestConsole", "Tests\TestConsole\TestConsole.csproj", "{9185DC34-7298-4E7B-8646-1763257ADFEF}"
	ProjectSection(ProjectDependencies) = postProject
		{DCFA4974-1D6F-41F1-9AE6-41D34C361835} = {DCFA4974-1D6F-41F1-9AE6-41D34C361835}
	EndProjectSection
EndProject
Project("{FAE04EC0-301F-11D3-BF4B-00C04F79EFBC}") = "TPF.Configurations", "Common\TPF.Configurations\TPF.Configurations.csproj", "{79DDDD94-A3C9-4067-9571-B66B443D1E76}"
EndProject
Project("{2150E333-8FDC-42A3-9474-1A3956D46DE8}") = "Resources", "Resources", "{9CB53644-8821-4C6E-A452-EAC9334E268E}"
EndProject
Project("{FAE04EC0-301F-11D3-BF4B-00C04F79EFBC}") = "WebOnline.Data", "DataAccess\WebOnline.Data\WebOnline.Data.csproj", "{9DF54AFD-AF0A-4B67-825B-8A531A057CDE}"
EndProject
Project("{FAE04EC0-301F-11D3-BF4B-00C04F79EFBC}") = "WebOnline.Business", "Business\WebOnline.Business\WebOnline.Business.csproj", "{499CDE13-D57E-4AE4-BBBE-9116093FC5F9}"
EndProject
Project("{FAE04EC0-301F-11D3-BF4B-00C04F79EFBC}") = "WebOnline.Web", "Presentation\WebOnline.Web\WebOnline.Web.csproj", "{76833C84-0108-475C-AE3C-634AC3193C0F}"
EndProject
Global
	GlobalSection(SolutionConfigurationPlatforms) = preSolution
		Debug|Any CPU = Debug|Any CPU
		Debug|x64 = Debug|x64
		Debug|x86 = Debug|x86
		Release|Any CPU = Release|Any CPU
		Release|x64 = Release|x64
		Release|x86 = Release|x86
	EndGlobalSection
	GlobalSection(ProjectConfigurationPlatforms) = postSolution
		{E7F3DBD9-E0A4-45AC-B622-87A81CC2F23A}.Debug|Any CPU.ActiveCfg = Debug|Any CPU
		{E7F3DBD9-E0A4-45AC-B622-87A81CC2F23A}.Debug|Any CPU.Build.0 = Debug|Any CPU
		{E7F3DBD9-E0A4-45AC-B622-87A81CC2F23A}.Debug|x64.ActiveCfg = Debug|Any CPU
		{E7F3DBD9-E0A4-45AC-B622-87A81CC2F23A}.Debug|x86.ActiveCfg = Debug|Any CPU
		{E7F3DBD9-E0A4-45AC-B622-87A81CC2F23A}.Release|Any CPU.ActiveCfg = Release|Any CPU
		{E7F3DBD9-E0A4-45AC-B622-87A81CC2F23A}.Release|Any CPU.Build.0 = Release|Any CPU
		{E7F3DBD9-E0A4-45AC-B622-87A81CC2F23A}.Release|x64.ActiveCfg = Release|Any CPU
		{E7F3DBD9-E0A4-45AC-B622-87A81CC2F23A}.Release|x86.ActiveCfg = Release|Any CPU
		{30417DA9-B0CD-4C11-B1C1-CF5E31D40D04}.Debug|Any CPU.ActiveCfg = Debug|Any CPU
		{30417DA9-B0CD-4C11-B1C1-CF5E31D40D04}.Debug|Any CPU.Build.0 = Debug|Any CPU
		{30417DA9-B0CD-4C11-B1C1-CF5E31D40D04}.Debug|x64.ActiveCfg = Debug|x64
		{30417DA9-B0CD-4C11-B1C1-CF5E31D40D04}.Debug|x86.ActiveCfg = Debug|Any CPU
		{30417DA9-B0CD-4C11-B1C1-CF5E31D40D04}.Release|Any CPU.ActiveCfg = Release|Any CPU
		{30417DA9-B0CD-4C11-B1C1-CF5E31D40D04}.Release|Any CPU.Build.0 = Release|Any CPU
		{30417DA9-B0CD-4C11-B1C1-CF5E31D40D04}.Release|x64.ActiveCfg = Release|x64
		{30417DA9-B0CD-4C11-B1C1-CF5E31D40D04}.Release|x86.ActiveCfg = Release|Any CPU
		{6F4F6AF8-591E-47FD-AD4B-5DE650161880}.Debug|Any CPU.ActiveCfg = Debug|Any CPU
		{6F4F6AF8-591E-47FD-AD4B-5DE650161880}.Debug|Any CPU.Build.0 = Debug|Any CPU
		{6F4F6AF8-591E-47FD-AD4B-5DE650161880}.Debug|x64.ActiveCfg = Debug|x64
		{6F4F6AF8-591E-47FD-AD4B-5DE650161880}.Debug|x86.ActiveCfg = Debug|Any CPU
		{6F4F6AF8-591E-47FD-AD4B-5DE650161880}.Release|Any CPU.ActiveCfg = Release|Any CPU
		{6F4F6AF8-591E-47FD-AD4B-5DE650161880}.Release|Any CPU.Build.0 = Release|Any CPU
		{6F4F6AF8-591E-47FD-AD4B-5DE650161880}.Release|x64.ActiveCfg = Release|x64
		{6F4F6AF8-591E-47FD-AD4B-5DE650161880}.Release|x86.ActiveCfg = Release|Any CPU
		{688E8716-4B12-4437-B0B0-0AC886909A2D}.Debug|Any CPU.ActiveCfg = Debug|Any CPU
		{688E8716-4B12-4437-B0B0-0AC886909A2D}.Debug|Any CPU.Build.0 = Debug|Any CPU
		{688E8716-4B12-4437-B0B0-0AC886909A2D}.Debug|x64.ActiveCfg = Debug|x64
		{688E8716-4B12-4437-B0B0-0AC886909A2D}.Debug|x86.ActiveCfg = Debug|Any CPU
		{688E8716-4B12-4437-B0B0-0AC886909A2D}.Release|Any CPU.ActiveCfg = Release|Any CPU
		{688E8716-4B12-4437-B0B0-0AC886909A2D}.Release|Any CPU.Build.0 = Release|Any CPU
		{688E8716-4B12-4437-B0B0-0AC886909A2D}.Release|x64.ActiveCfg = Release|x64
		{688E8716-4B12-4437-B0B0-0AC886909A2D}.Release|x86.ActiveCfg = Release|Any CPU
		{DCFA4974-1D6F-41F1-9AE6-41D34C361835}.Debug|Any CPU.ActiveCfg = Debug|Any CPU
		{DCFA4974-1D6F-41F1-9AE6-41D34C361835}.Debug|Any CPU.Build.0 = Debug|Any CPU
		{DCFA4974-1D6F-41F1-9AE6-41D34C361835}.Debug|x64.ActiveCfg = Debug|Any CPU
		{DCFA4974-1D6F-41F1-9AE6-41D34C361835}.Debug|x86.ActiveCfg = Debug|Any CPU
		{DCFA4974-1D6F-41F1-9AE6-41D34C361835}.Release|Any CPU.ActiveCfg = Release|Any CPU
		{DCFA4974-1D6F-41F1-9AE6-41D34C361835}.Release|Any CPU.Build.0 = Release|Any CPU
		{DCFA4974-1D6F-41F1-9AE6-41D34C361835}.Release|x64.ActiveCfg = Release|Any CPU
		{DCFA4974-1D6F-41F1-9AE6-41D34C361835}.Release|x86.ActiveCfg = Release|Any CPU
		{9185DC34-7298-4E7B-8646-1763257ADFEF}.Debug|Any CPU.ActiveCfg = Debug|Any CPU
		{9185DC34-7298-4E7B-8646-1763257ADFEF}.Debug|Any CPU.Build.0 = Debug|Any CPU
		{9185DC34-7298-4E7B-8646-1763257ADFEF}.Debug|x64.ActiveCfg = Debug|x64
		{9185DC34-7298-4E7B-8646-1763257ADFEF}.Debug|x86.ActiveCfg = Debug|Any CPU
		{9185DC34-7298-4E7B-8646-1763257ADFEF}.Release|Any CPU.ActiveCfg = Release|Any CPU
		{9185DC34-7298-4E7B-8646-1763257ADFEF}.Release|Any CPU.Build.0 = Release|Any CPU
		{9185DC34-7298-4E7B-8646-1763257ADFEF}.Release|x64.ActiveCfg = Release|x64
		{9185DC34-7298-4E7B-8646-1763257ADFEF}.Release|x86.ActiveCfg = Release|Any CPU
		{79DDDD94-A3C9-4067-9571-B66B443D1E76}.Debug|Any CPU.ActiveCfg = Debug|Any CPU
		{79DDDD94-A3C9-4067-9571-B66B443D1E76}.Debug|Any CPU.Build.0 = Debug|Any CPU
		{79DDDD94-A3C9-4067-9571-B66B443D1E76}.Debug|x64.ActiveCfg = Debug|Any CPU
		{79DDDD94-A3C9-4067-9571-B66B443D1E76}.Debug|x86.ActiveCfg = Debug|Any CPU
		{79DDDD94-A3C9-4067-9571-B66B443D1E76}.Release|Any CPU.ActiveCfg = Release|Any CPU
		{79DDDD94-A3C9-4067-9571-B66B443D1E76}.Release|Any CPU.Build.0 = Release|Any CPU
		{79DDDD94-A3C9-4067-9571-B66B443D1E76}.Release|x64.ActiveCfg = Release|Any CPU
		{79DDDD94-A3C9-4067-9571-B66B443D1E76}.Release|x86.ActiveCfg = Release|Any CPU
		{9DF54AFD-AF0A-4B67-825B-8A531A057CDE}.Debug|Any CPU.ActiveCfg = Debug|Any CPU
		{9DF54AFD-AF0A-4B67-825B-8A531A057CDE}.Debug|Any CPU.Build.0 = Debug|Any CPU
		{9DF54AFD-AF0A-4B67-825B-8A531A057CDE}.Debug|x64.ActiveCfg = Debug|Any CPU
		{9DF54AFD-AF0A-4B67-825B-8A531A057CDE}.Debug|x86.ActiveCfg = Debug|Any CPU
		{9DF54AFD-AF0A-4B67-825B-8A531A057CDE}.Release|Any CPU.ActiveCfg = Release|Any CPU
		{9DF54AFD-AF0A-4B67-825B-8A531A057CDE}.Release|Any CPU.Build.0 = Release|Any CPU
		{9DF54AFD-AF0A-4B67-825B-8A531A057CDE}.Release|x64.ActiveCfg = Release|Any CPU
		{9DF54AFD-AF0A-4B67-825B-8A531A057CDE}.Release|x86.ActiveCfg = Release|Any CPU
		{499CDE13-D57E-4AE4-BBBE-9116093FC5F9}.Debug|Any CPU.ActiveCfg = Debug|Any CPU
		{499CDE13-D57E-4AE4-BBBE-9116093FC5F9}.Debug|Any CPU.Build.0 = Debug|Any CPU
		{499CDE13-D57E-4AE4-BBBE-9116093FC5F9}.Debug|x64.ActiveCfg = Debug|Any CPU
		{499CDE13-D57E-4AE4-BBBE-9116093FC5F9}.Debug|x86.ActiveCfg = Debug|Any CPU
		{499CDE13-D57E-4AE4-BBBE-9116093FC5F9}.Release|Any CPU.ActiveCfg = Release|Any CPU
		{499CDE13-D57E-4AE4-BBBE-9116093FC5F9}.Release|Any CPU.Build.0 = Release|Any CPU
		{499CDE13-D57E-4AE4-BBBE-9116093FC5F9}.Release|x64.ActiveCfg = Release|Any CPU
		{499CDE13-D57E-4AE4-BBBE-9116093FC5F9}.Release|x86.ActiveCfg = Release|Any CPU
		{76833C84-0108-475C-AE3C-634AC3193C0F}.Debug|Any CPU.ActiveCfg = Debug|Any CPU
		{76833C84-0108-475C-AE3C-634AC3193C0F}.Debug|Any CPU.Build.0 = Debug|Any CPU
		{76833C84-0108-475C-AE3C-634AC3193C0F}.Debug|x64.ActiveCfg = Debug|Any CPU
		{76833C84-0108-475C-AE3C-634AC3193C0F}.Debug|x86.ActiveCfg = Debug|Any CPU
		{76833C84-0108-475C-AE3C-634AC3193C0F}.Release|Any CPU.ActiveCfg = Release|Any CPU
		{76833C84-0108-475C-AE3C-634AC3193C0F}.Release|Any CPU.Build.0 = Release|Any CPU
		{76833C84-0108-475C-AE3C-634AC3193C0F}.Release|x64.ActiveCfg = Release|Any CPU
		{76833C84-0108-475C-AE3C-634AC3193C0F}.Release|x86.ActiveCfg = Release|Any CPU
	EndGlobalSection
	GlobalSection(SolutionProperties) = preSolution
		HideSolutionNode = FALSE
	EndGlobalSection
	GlobalSection(NestedProjects) = preSolution
		{E7F3DBD9-E0A4-45AC-B622-87A81CC2F23A} = {9DD9E5A8-73A6-46F8-8538-6F3C3734719B}
		{DCFA4974-1D6F-41F1-9AE6-41D34C361835} = {9DD9E5A8-73A6-46F8-8538-6F3C3734719B}
		{79DDDD94-A3C9-4067-9571-B66B443D1E76} = {9DD9E5A8-73A6-46F8-8538-6F3C3734719B}
		{30417DA9-B0CD-4C11-B1C1-CF5E31D40D04} = {8716CAE6-3FA8-41F7-B22A-78B1902BBBD5}
		{9185DC34-7298-4E7B-8646-1763257ADFEF} = {8716CAE6-3FA8-41F7-B22A-78B1902BBBD5}
		{76833C84-0108-475C-AE3C-634AC3193C0F} = {CCD041A4-C555-4F11-AEFB-6B76C489F59A}
		{6F4F6AF8-591E-47FD-AD4B-5DE650161880} = {FA372325-56F6-4291-AD48-2A3555F43963}
		{688E8716-4B12-4437-B0B0-0AC886909A2D} = {FA372325-56F6-4291-AD48-2A3555F43963}
		{9DF54AFD-AF0A-4B67-825B-8A531A057CDE} = {46BBCEF8-29C0-4C10-8E93-6F77A6401955}
		{499CDE13-D57E-4AE4-BBBE-9116093FC5F9} = {9E6F14E9-45D2-4CF1-87B1-E449E266280B}
	EndGlobalSection
EndGlobal
